// !$*UTF8*$!
{
	archiveVersion = 1;
	classes = {
	};
	objectVersion = 56;
	objects = {

/* Begin PBXBuildFile section */
		BC14DC432C09756300DC942C /* ReuseIdentifierProtocol.swift in Sources */ = {isa = PBXBuildFile; fileRef = BC14DC422C09756300DC942C /* ReuseIdentifierProtocol.swift */; };
		BC14DC452C0AEA0C00DC942C /* ChattingData.swift in Sources */ = {isa = PBXBuildFile; fileRef = BC14DC442C0AEA0C00DC942C /* ChattingData.swift */; };
		BC14DC472C0AEDE200DC942C /* Chatting.storyboard in Resources */ = {isa = PBXBuildFile; fileRef = BC14DC462C0AEDE200DC942C /* Chatting.storyboard */; };
		BC14DC492C0AEEC800DC942C /* ChattingListViewController.swift in Sources */ = {isa = PBXBuildFile; fileRef = BC14DC482C0AEEC800DC942C /* ChattingListViewController.swift */; };
		BC14DC4B2C0AEEEB00DC942C /* ChattingRoomViewController.swift in Sources */ = {isa = PBXBuildFile; fileRef = BC14DC4A2C0AEEEB00DC942C /* ChattingRoomViewController.swift */; };
		BC14DC4E2C0AF1F300DC942C /* ChattingListTableViewCell.swift in Sources */ = {isa = PBXBuildFile; fileRef = BC14DC4C2C0AF1F300DC942C /* ChattingListTableViewCell.swift */; };
		BC14DC4F2C0AF1F300DC942C /* ChattingListTableViewCell.xib in Resources */ = {isa = PBXBuildFile; fileRef = BC14DC4D2C0AF1F300DC942C /* ChattingListTableViewCell.xib */; };
		BC14DC512C0AFDA100DC942C /* StoryBoard.swift in Sources */ = {isa = PBXBuildFile; fileRef = BC14DC502C0AFDA100DC942C /* StoryBoard.swift */; };
		BC14DC542C0B021E00DC942C /* OtherChatFirstTableViewCell.swift in Sources */ = {isa = PBXBuildFile; fileRef = BC14DC522C0B021E00DC942C /* OtherChatFirstTableViewCell.swift */; };
		BC14DC552C0B021E00DC942C /* OtherChatFirstTableViewCell.xib in Resources */ = {isa = PBXBuildFile; fileRef = BC14DC532C0B021E00DC942C /* OtherChatFirstTableViewCell.xib */; };
		BC14DC5A2C0B08E700DC942C /* MyChatTableViewCell.swift in Sources */ = {isa = PBXBuildFile; fileRef = BC14DC582C0B08E700DC942C /* MyChatTableViewCell.swift */; };
		BC14DC5B2C0B08E700DC942C /* MyChatTableViewCell.xib in Resources */ = {isa = PBXBuildFile; fileRef = BC14DC592C0B08E700DC942C /* MyChatTableViewCell.xib */; };
		BC14DC5E2C0C586F00DC942C /* OtherChatTableViewCell.swift in Sources */ = {isa = PBXBuildFile; fileRef = BC14DC5C2C0C586F00DC942C /* OtherChatTableViewCell.swift */; };
		BC14DC5F2C0C586F00DC942C /* OtherChatTableViewCell.xib in Resources */ = {isa = PBXBuildFile; fileRef = BC14DC5D2C0C586F00DC942C /* OtherChatTableViewCell.xib */; };
		BC574FDD2C01EBDF0072E10F /* RestaurantDAO.swift in Sources */ = {isa = PBXBuildFile; fileRef = BC574FDC2C01EBDF0072E10F /* RestaurantDAO.swift */; };
		BC574FDF2C01EBE40072E10F /* RestaurantsList.swift in Sources */ = {isa = PBXBuildFile; fileRef = BC574FDE2C01EBE40072E10F /* RestaurantsList.swift */; };
		BC574FE32C01ED090072E10F /* RestaurantsTableViewController.swift in Sources */ = {isa = PBXBuildFile; fileRef = BC574FE22C01ED090072E10F /* RestaurantsTableViewController.swift */; };
		BC574FE52C01EDFA0072E10F /* sectionDAO.swift in Sources */ = {isa = PBXBuildFile; fileRef = BC574FE42C01EDFA0072E10F /* sectionDAO.swift */; };
		BC574FE72C01EF9E0072E10F /* RestaurantTableViewCell.swift in Sources */ = {isa = PBXBuildFile; fileRef = BC574FE62C01EF9E0072E10F /* RestaurantTableViewCell.swift */; };
		BC574FE92C01F2D80072E10F /* CellIdentifier.swift in Sources */ = {isa = PBXBuildFile; fileRef = BC574FE82C01F2D80072E10F /* CellIdentifier.swift */; };
		BC574FEB2C01F60F0072E10F /* SearchRestaurantTableViewCell.swift in Sources */ = {isa = PBXBuildFile; fileRef = BC574FEA2C01F60F0072E10F /* SearchRestaurantTableViewCell.swift */; };
		BC574FED2C01FBAA0072E10F /* placeholder.swift in Sources */ = {isa = PBXBuildFile; fileRef = BC574FEC2C01FBAA0072E10F /* placeholder.swift */; };
		BC5750082C045F430072E10F /* UITableViewCell+Extension.swift in Sources */ = {isa = PBXBuildFile; fileRef = BC5750072C045F430072E10F /* UITableViewCell+Extension.swift */; };
		BC57500A2C0461250072E10F /* UITableView+Extension.swift in Sources */ = {isa = PBXBuildFile; fileRef = BC5750092C0461250072E10F /* UITableView+Extension.swift */; };
		BC57500C2C0461F20072E10F /* UINavigationController+Extension.swift in Sources */ = {isa = PBXBuildFile; fileRef = BC57500B2C0461F20072E10F /* UINavigationController+Extension.swift */; };
		BC57500E2C0462980072E10F /* UITabBarController+Extension.swift in Sources */ = {isa = PBXBuildFile; fileRef = BC57500D2C0462980072E10F /* UITabBarController+Extension.swift */; };
		BC5750102C04638C0072E10F /* UIViewController+Extension.swift in Sources */ = {isa = PBXBuildFile; fileRef = BC57500F2C04638C0072E10F /* UIViewController+Extension.swift */; };
		BC5750182C0467530072E10F /* UITextField+Extension.swift in Sources */ = {isa = PBXBuildFile; fileRef = BC5750172C0467530072E10F /* UITextField+Extension.swift */; };
		BC57501A2C0467E70072E10F /* UIButton+Extension.swift in Sources */ = {isa = PBXBuildFile; fileRef = BC5750192C0467E70072E10F /* UIButton+Extension.swift */; };
		BC6D8E2B2C0CB66800051C0E /* ChattingListSecondTableViewCell.swift in Sources */ = {isa = PBXBuildFile; fileRef = BC6D8E292C0CB66800051C0E /* ChattingListSecondTableViewCell.swift */; };
		BC6D8E2C2C0CB66800051C0E /* ChattingListSecondTableViewCell.xib in Resources */ = {isa = PBXBuildFile; fileRef = BC6D8E2A2C0CB66800051C0E /* ChattingListSecondTableViewCell.xib */; };
		BC6D8E2F2C0CBBA100051C0E /* ChattingListThirdTableViewCell.swift in Sources */ = {isa = PBXBuildFile; fileRef = BC6D8E2D2C0CBBA100051C0E /* ChattingListThirdTableViewCell.swift */; };
		BC6D8E302C0CBBA100051C0E /* ChattingListThirdTableViewCell.xib in Resources */ = {isa = PBXBuildFile; fileRef = BC6D8E2E2C0CBBA100051C0E /* ChattingListThirdTableViewCell.xib */; };
		BC6D8E332C0CBDDD00051C0E /* ChattingListForthTableViewCell.swift in Sources */ = {isa = PBXBuildFile; fileRef = BC6D8E312C0CBDDD00051C0E /* ChattingListForthTableViewCell.swift */; };
		BC6D8E342C0CBDDD00051C0E /* ChattingListForthTableViewCell.xib in Resources */ = {isa = PBXBuildFile; fileRef = BC6D8E322C0CBDDD00051C0E /* ChattingListForthTableViewCell.xib */; };
		BC6D8E822C0DF90800051C0E /* UIView+Extension.swift in Sources */ = {isa = PBXBuildFile; fileRef = BC6D8E812C0DF90800051C0E /* UIView+Extension.swift */; };
		BC8B795B2C06F265006E0F6A /* Notification.Name+Extension.swift in Sources */ = {isa = PBXBuildFile; fileRef = BC8B795A2C06F265006E0F6A /* Notification.Name+Extension.swift */; };
		BC8B795D2C06FAE0006E0F6A /* Advertisement.storyboard in Resources */ = {isa = PBXBuildFile; fileRef = BC8B795C2C06FAE0006E0F6A /* Advertisement.storyboard */; };
		BC8B795F2C07010C006E0F6A /* AdViewController.swift in Sources */ = {isa = PBXBuildFile; fileRef = BC8B795E2C07010C006E0F6A /* AdViewController.swift */; };
		BC8B79612C07030B006E0F6A /* TravelDescViewController.swift in Sources */ = {isa = PBXBuildFile; fileRef = BC8B79602C07030B006E0F6A /* TravelDescViewController.swift */; };
		BCC176462C070AC5006AB814 /* HotCountry.storyboard in Resources */ = {isa = PBXBuildFile; fileRef = BCC176452C070AC5006AB814 /* HotCountry.storyboard */; };
		BCC176482C070B56006AB814 /* HotCountryViewController.swift in Sources */ = {isa = PBXBuildFile; fileRef = BCC176472C070B56006AB814 /* HotCountryViewController.swift */; };
		BCC1764B2C07130E006AB814 /* HotCountryTableViewCell.xib in Resources */ = {isa = PBXBuildFile; fileRef = BCC1764A2C07130E006AB814 /* HotCountryTableViewCell.xib */; };
		BCC1764C2C07130E006AB814 /* HotCountryTableViewCell.swift in Sources */ = {isa = PBXBuildFile; fileRef = BCC176492C07130E006AB814 /* HotCountryTableViewCell.swift */; };
		BCC1764F2C071D84006AB814 /* CityInfo.swift in Sources */ = {isa = PBXBuildFile; fileRef = BCC1764E2C071D84006AB814 /* CityInfo.swift */; };
		BCC1765A2C0870FF006AB814 /* SystemImage.swift in Sources */ = {isa = PBXBuildFile; fileRef = BCC176592C0870FF006AB814 /* SystemImage.swift */; };
		BCC1765C2C087782006AB814 /* CALayer+Extension.swift in Sources */ = {isa = PBXBuildFile; fileRef = BCC1765B2C087782006AB814 /* CALayer+Extension.swift */; };
		BCC1765E2C089227006AB814 /* AdImageUrl.swift in Sources */ = {isa = PBXBuildFile; fileRef = BCC1765D2C089227006AB814 /* AdImageUrl.swift */; };
		BCC176602C089AFF006AB814 /* RestaurantMap.storyboard in Resources */ = {isa = PBXBuildFile; fileRef = BCC1765F2C089AFF006AB814 /* RestaurantMap.storyboard */; };
		BCC176622C089BE6006AB814 /* RestaurantMapViewController.swift in Sources */ = {isa = PBXBuildFile; fileRef = BCC176612C089BE6006AB814 /* RestaurantMapViewController.swift */; };
		BCC523502C01B1E400DF080D /* AppDelegate.swift in Sources */ = {isa = PBXBuildFile; fileRef = BCC5234F2C01B1E400DF080D /* AppDelegate.swift */; };
		BCC523522C01B1E400DF080D /* SceneDelegate.swift in Sources */ = {isa = PBXBuildFile; fileRef = BCC523512C01B1E400DF080D /* SceneDelegate.swift */; };
		BCC523542C01B1E400DF080D /* ViewController.swift in Sources */ = {isa = PBXBuildFile; fileRef = BCC523532C01B1E400DF080D /* ViewController.swift */; };
		BCC523572C01B1E400DF080D /* Base in Resources */ = {isa = PBXBuildFile; fileRef = BCC523562C01B1E400DF080D /* Base */; };
		BCC523592C01B1E500DF080D /* Assets.xcassets in Resources */ = {isa = PBXBuildFile; fileRef = BCC523582C01B1E500DF080D /* Assets.xcassets */; };
		BCC5235C2C01B1E500DF080D /* Base in Resources */ = {isa = PBXBuildFile; fileRef = BCC5235B2C01B1E500DF080D /* Base */; };
		BCC523652C01B2AD00DF080D /* MagazineInfo.swift in Sources */ = {isa = PBXBuildFile; fileRef = BCC523642C01B2AD00DF080D /* MagazineInfo.swift */; };
		BCC523682C01B35600DF080D /* MagazineTableViewController.swift in Sources */ = {isa = PBXBuildFile; fileRef = BCC523672C01B35600DF080D /* MagazineTableViewController.swift */; };
		BCC5236A2C01B3C600DF080D /* MagazineTableViewCell.swift in Sources */ = {isa = PBXBuildFile; fileRef = BCC523692C01B3C600DF080D /* MagazineTableViewCell.swift */; };
		BCC5236C2C01B99900DF080D /* UserDefaultManager.swift in Sources */ = {isa = PBXBuildFile; fileRef = BCC5236B2C01B99900DF080D /* UserDefaultManager.swift */; };
		BCC5236E2C01BA6B00DF080D /* MagazineDAO.swift in Sources */ = {isa = PBXBuildFile; fileRef = BCC5236D2C01BA6B00DF080D /* MagazineDAO.swift */; };
		BCE3B4A32C04745700333310 /* HotCityViewController.swift in Sources */ = {isa = PBXBuildFile; fileRef = BCE3B4A22C04745700333310 /* HotCityViewController.swift */; };
		BCE3B4A92C0478C600333310 /* TravelModel.swift in Sources */ = {isa = PBXBuildFile; fileRef = BCE3B4A82C0478C600333310 /* TravelModel.swift */; };
		BCE3B4AB2C0488A200333310 /* UILabel+Extension.swift in Sources */ = {isa = PBXBuildFile; fileRef = BCE3B4AA2C0488A200333310 /* UILabel+Extension.swift */; };
		BCE3B4AD2C0489C300333310 /* UIImageView+Extension.swift in Sources */ = {isa = PBXBuildFile; fileRef = BCE3B4AC2C0489C300333310 /* UIImageView+Extension.swift */; };
		BCE3B4B42C04A77400333310 /* AdTableViewCell.swift in Sources */ = {isa = PBXBuildFile; fileRef = BCE3B4B22C04A77400333310 /* AdTableViewCell.swift */; };
		BCE3B4B52C04A77400333310 /* AdTableViewCell.xib in Resources */ = {isa = PBXBuildFile; fileRef = BCE3B4B32C04A77400333310 /* AdTableViewCell.xib */; };
		BCE3B4B82C04A7C000333310 /* HotCityTableViewCell.swift in Sources */ = {isa = PBXBuildFile; fileRef = BCE3B4B62C04A7C000333310 /* HotCityTableViewCell.swift */; };
		BCE3B4B92C04A7C000333310 /* HotCityTableViewCell.xib in Resources */ = {isa = PBXBuildFile; fileRef = BCE3B4B72C04A7C000333310 /* HotCityTableViewCell.xib */; };
		BCE3B4BB2C04DE9900333310 /* UINavigationItem+Extension.swift in Sources */ = {isa = PBXBuildFile; fileRef = BCE3B4BA2C04DE9900333310 /* UINavigationItem+Extension.swift */; };
		BCE3B4BD2C0500C000333310 /* BaseScrollView.swift in Sources */ = {isa = PBXBuildFile; fileRef = BCE3B4BC2C0500C000333310 /* BaseScrollView.swift */; };
		BCE3B4BF2C0500E500333310 /* HorizontalScrollView.swift in Sources */ = {isa = PBXBuildFile; fileRef = BCE3B4BE2C0500E500333310 /* HorizontalScrollView.swift */; };
		BCE3B4CB2C05140C00333310 /* TravelTabBarController.swift in Sources */ = {isa = PBXBuildFile; fileRef = BCE3B4CA2C05140C00333310 /* TravelTabBarController.swift */; };
		BCFDE8DF2C06C7D300CDDA49 /* Kingfisher in Frameworks */ = {isa = PBXBuildFile; productRef = BCFDE8DE2C06C7D300CDDA49 /* Kingfisher */; };
		BCFDE8E22C06C7DF00CDDA49 /* SnapKit in Frameworks */ = {isa = PBXBuildFile; productRef = BCFDE8E12C06C7DF00CDDA49 /* SnapKit */; };
/* End PBXBuildFile section */

/* Begin PBXFileReference section */
		BC14DC422C09756300DC942C /* ReuseIdentifierProtocol.swift */ = {isa = PBXFileReference; lastKnownFileType = sourcecode.swift; path = ReuseIdentifierProtocol.swift; sourceTree = "<group>"; };
		BC14DC442C0AEA0C00DC942C /* ChattingData.swift */ = {isa = PBXFileReference; fileEncoding = 4; lastKnownFileType = sourcecode.swift; path = ChattingData.swift; sourceTree = "<group>"; };
		BC14DC462C0AEDE200DC942C /* Chatting.storyboard */ = {isa = PBXFileReference; lastKnownFileType = file.storyboard; path = Chatting.storyboard; sourceTree = "<group>"; };
		BC14DC482C0AEEC800DC942C /* ChattingListViewController.swift */ = {isa = PBXFileReference; lastKnownFileType = sourcecode.swift; path = ChattingListViewController.swift; sourceTree = "<group>"; };
		BC14DC4A2C0AEEEB00DC942C /* ChattingRoomViewController.swift */ = {isa = PBXFileReference; lastKnownFileType = sourcecode.swift; path = ChattingRoomViewController.swift; sourceTree = "<group>"; };
		BC14DC4C2C0AF1F300DC942C /* ChattingListTableViewCell.swift */ = {isa = PBXFileReference; lastKnownFileType = sourcecode.swift; path = ChattingListTableViewCell.swift; sourceTree = "<group>"; };
		BC14DC4D2C0AF1F300DC942C /* ChattingListTableViewCell.xib */ = {isa = PBXFileReference; lastKnownFileType = file.xib; path = ChattingListTableViewCell.xib; sourceTree = "<group>"; };
		BC14DC502C0AFDA100DC942C /* StoryBoard.swift */ = {isa = PBXFileReference; lastKnownFileType = sourcecode.swift; path = StoryBoard.swift; sourceTree = "<group>"; };
		BC14DC522C0B021E00DC942C /* OtherChatFirstTableViewCell.swift */ = {isa = PBXFileReference; lastKnownFileType = sourcecode.swift; path = OtherChatFirstTableViewCell.swift; sourceTree = "<group>"; };
		BC14DC532C0B021E00DC942C /* OtherChatFirstTableViewCell.xib */ = {isa = PBXFileReference; lastKnownFileType = file.xib; path = OtherChatFirstTableViewCell.xib; sourceTree = "<group>"; };
		BC14DC562C0B04AD00DC942C /* ko */ = {isa = PBXFileReference; lastKnownFileType = text.plist.strings; name = ko; path = ko.lproj/LaunchScreen.strings; sourceTree = "<group>"; };
		BC14DC572C0B04AD00DC942C /* ko */ = {isa = PBXFileReference; lastKnownFileType = text.plist.strings; name = ko; path = ko.lproj/Main.strings; sourceTree = "<group>"; };
		BC14DC582C0B08E700DC942C /* MyChatTableViewCell.swift */ = {isa = PBXFileReference; lastKnownFileType = sourcecode.swift; path = MyChatTableViewCell.swift; sourceTree = "<group>"; };
		BC14DC592C0B08E700DC942C /* MyChatTableViewCell.xib */ = {isa = PBXFileReference; lastKnownFileType = file.xib; path = MyChatTableViewCell.xib; sourceTree = "<group>"; };
		BC14DC5C2C0C586F00DC942C /* OtherChatTableViewCell.swift */ = {isa = PBXFileReference; lastKnownFileType = sourcecode.swift; path = OtherChatTableViewCell.swift; sourceTree = "<group>"; };
		BC14DC5D2C0C586F00DC942C /* OtherChatTableViewCell.xib */ = {isa = PBXFileReference; lastKnownFileType = file.xib; path = OtherChatTableViewCell.xib; sourceTree = "<group>"; };
		BC574FDC2C01EBDF0072E10F /* RestaurantDAO.swift */ = {isa = PBXFileReference; fileEncoding = 4; lastKnownFileType = sourcecode.swift; path = RestaurantDAO.swift; sourceTree = "<group>"; };
		BC574FDE2C01EBE40072E10F /* RestaurantsList.swift */ = {isa = PBXFileReference; fileEncoding = 4; lastKnownFileType = sourcecode.swift; path = RestaurantsList.swift; sourceTree = "<group>"; };
		BC574FE22C01ED090072E10F /* RestaurantsTableViewController.swift */ = {isa = PBXFileReference; lastKnownFileType = sourcecode.swift; path = RestaurantsTableViewController.swift; sourceTree = "<group>"; };
		BC574FE42C01EDFA0072E10F /* sectionDAO.swift */ = {isa = PBXFileReference; lastKnownFileType = sourcecode.swift; path = sectionDAO.swift; sourceTree = "<group>"; };
		BC574FE62C01EF9E0072E10F /* RestaurantTableViewCell.swift */ = {isa = PBXFileReference; lastKnownFileType = sourcecode.swift; path = RestaurantTableViewCell.swift; sourceTree = "<group>"; };
		BC574FE82C01F2D80072E10F /* CellIdentifier.swift */ = {isa = PBXFileReference; lastKnownFileType = sourcecode.swift; path = CellIdentifier.swift; sourceTree = "<group>"; };
		BC574FEA2C01F60F0072E10F /* SearchRestaurantTableViewCell.swift */ = {isa = PBXFileReference; lastKnownFileType = sourcecode.swift; path = SearchRestaurantTableViewCell.swift; sourceTree = "<group>"; };
		BC574FEC2C01FBAA0072E10F /* placeholder.swift */ = {isa = PBXFileReference; lastKnownFileType = sourcecode.swift; path = placeholder.swift; sourceTree = "<group>"; };
		BC5750072C045F430072E10F /* UITableViewCell+Extension.swift */ = {isa = PBXFileReference; lastKnownFileType = sourcecode.swift; path = "UITableViewCell+Extension.swift"; sourceTree = "<group>"; };
		BC5750092C0461250072E10F /* UITableView+Extension.swift */ = {isa = PBXFileReference; lastKnownFileType = sourcecode.swift; path = "UITableView+Extension.swift"; sourceTree = "<group>"; };
		BC57500B2C0461F20072E10F /* UINavigationController+Extension.swift */ = {isa = PBXFileReference; lastKnownFileType = sourcecode.swift; path = "UINavigationController+Extension.swift"; sourceTree = "<group>"; };
		BC57500D2C0462980072E10F /* UITabBarController+Extension.swift */ = {isa = PBXFileReference; lastKnownFileType = sourcecode.swift; path = "UITabBarController+Extension.swift"; sourceTree = "<group>"; };
		BC57500F2C04638C0072E10F /* UIViewController+Extension.swift */ = {isa = PBXFileReference; lastKnownFileType = sourcecode.swift; path = "UIViewController+Extension.swift"; sourceTree = "<group>"; };
		BC5750172C0467530072E10F /* UITextField+Extension.swift */ = {isa = PBXFileReference; lastKnownFileType = sourcecode.swift; path = "UITextField+Extension.swift"; sourceTree = "<group>"; };
		BC5750192C0467E70072E10F /* UIButton+Extension.swift */ = {isa = PBXFileReference; lastKnownFileType = sourcecode.swift; path = "UIButton+Extension.swift"; sourceTree = "<group>"; };
		BC6D8E292C0CB66800051C0E /* ChattingListSecondTableViewCell.swift */ = {isa = PBXFileReference; lastKnownFileType = sourcecode.swift; path = ChattingListSecondTableViewCell.swift; sourceTree = "<group>"; };
		BC6D8E2A2C0CB66800051C0E /* ChattingListSecondTableViewCell.xib */ = {isa = PBXFileReference; lastKnownFileType = file.xib; path = ChattingListSecondTableViewCell.xib; sourceTree = "<group>"; };
		BC6D8E2D2C0CBBA100051C0E /* ChattingListThirdTableViewCell.swift */ = {isa = PBXFileReference; lastKnownFileType = sourcecode.swift; path = ChattingListThirdTableViewCell.swift; sourceTree = "<group>"; };
		BC6D8E2E2C0CBBA100051C0E /* ChattingListThirdTableViewCell.xib */ = {isa = PBXFileReference; lastKnownFileType = file.xib; path = ChattingListThirdTableViewCell.xib; sourceTree = "<group>"; };
		BC6D8E312C0CBDDD00051C0E /* ChattingListForthTableViewCell.swift */ = {isa = PBXFileReference; lastKnownFileType = sourcecode.swift; path = ChattingListForthTableViewCell.swift; sourceTree = "<group>"; };
		BC6D8E322C0CBDDD00051C0E /* ChattingListForthTableViewCell.xib */ = {isa = PBXFileReference; lastKnownFileType = file.xib; path = ChattingListForthTableViewCell.xib; sourceTree = "<group>"; };
		BC6D8E812C0DF90800051C0E /* UIView+Extension.swift */ = {isa = PBXFileReference; lastKnownFileType = sourcecode.swift; path = "UIView+Extension.swift"; sourceTree = "<group>"; };
		BC8B795A2C06F265006E0F6A /* Notification.Name+Extension.swift */ = {isa = PBXFileReference; lastKnownFileType = sourcecode.swift; path = "Notification.Name+Extension.swift"; sourceTree = "<group>"; };
		BC8B795C2C06FAE0006E0F6A /* Advertisement.storyboard */ = {isa = PBXFileReference; lastKnownFileType = file.storyboard; path = Advertisement.storyboard; sourceTree = "<group>"; };
		BC8B795E2C07010C006E0F6A /* AdViewController.swift */ = {isa = PBXFileReference; lastKnownFileType = sourcecode.swift; path = AdViewController.swift; sourceTree = "<group>"; };
		BC8B79602C07030B006E0F6A /* TravelDescViewController.swift */ = {isa = PBXFileReference; lastKnownFileType = sourcecode.swift; path = TravelDescViewController.swift; sourceTree = "<group>"; };
		BCC176452C070AC5006AB814 /* HotCountry.storyboard */ = {isa = PBXFileReference; lastKnownFileType = file.storyboard; path = HotCountry.storyboard; sourceTree = "<group>"; };
		BCC176472C070B56006AB814 /* HotCountryViewController.swift */ = {isa = PBXFileReference; lastKnownFileType = sourcecode.swift; path = HotCountryViewController.swift; sourceTree = "<group>"; };
		BCC176492C07130E006AB814 /* HotCountryTableViewCell.swift */ = {isa = PBXFileReference; lastKnownFileType = sourcecode.swift; path = HotCountryTableViewCell.swift; sourceTree = "<group>"; };
		BCC1764A2C07130E006AB814 /* HotCountryTableViewCell.xib */ = {isa = PBXFileReference; lastKnownFileType = file.xib; path = HotCountryTableViewCell.xib; sourceTree = "<group>"; };
		BCC1764E2C071D84006AB814 /* CityInfo.swift */ = {isa = PBXFileReference; fileEncoding = 4; lastKnownFileType = sourcecode.swift; path = CityInfo.swift; sourceTree = "<group>"; };
		BCC176592C0870FF006AB814 /* SystemImage.swift */ = {isa = PBXFileReference; lastKnownFileType = sourcecode.swift; path = SystemImage.swift; sourceTree = "<group>"; };
		BCC1765B2C087782006AB814 /* CALayer+Extension.swift */ = {isa = PBXFileReference; lastKnownFileType = sourcecode.swift; path = "CALayer+Extension.swift"; sourceTree = "<group>"; };
		BCC1765D2C089227006AB814 /* AdImageUrl.swift */ = {isa = PBXFileReference; lastKnownFileType = sourcecode.swift; path = AdImageUrl.swift; sourceTree = "<group>"; };
		BCC1765F2C089AFF006AB814 /* RestaurantMap.storyboard */ = {isa = PBXFileReference; lastKnownFileType = file.storyboard; path = RestaurantMap.storyboard; sourceTree = "<group>"; };
		BCC176612C089BE6006AB814 /* RestaurantMapViewController.swift */ = {isa = PBXFileReference; lastKnownFileType = sourcecode.swift; path = RestaurantMapViewController.swift; sourceTree = "<group>"; };
		BCC5234C2C01B1E400DF080D /* TravlePractice.app */ = {isa = PBXFileReference; explicitFileType = wrapper.application; includeInIndex = 0; path = TravlePractice.app; sourceTree = BUILT_PRODUCTS_DIR; };
		BCC5234F2C01B1E400DF080D /* AppDelegate.swift */ = {isa = PBXFileReference; lastKnownFileType = sourcecode.swift; path = AppDelegate.swift; sourceTree = "<group>"; };
		BCC523512C01B1E400DF080D /* SceneDelegate.swift */ = {isa = PBXFileReference; lastKnownFileType = sourcecode.swift; path = SceneDelegate.swift; sourceTree = "<group>"; };
		BCC523532C01B1E400DF080D /* ViewController.swift */ = {isa = PBXFileReference; lastKnownFileType = sourcecode.swift; path = ViewController.swift; sourceTree = "<group>"; };
		BCC523562C01B1E400DF080D /* Base */ = {isa = PBXFileReference; lastKnownFileType = file.storyboard; name = Base; path = Base.lproj/Main.storyboard; sourceTree = "<group>"; };
		BCC523582C01B1E500DF080D /* Assets.xcassets */ = {isa = PBXFileReference; lastKnownFileType = folder.assetcatalog; path = Assets.xcassets; sourceTree = "<group>"; };
		BCC5235B2C01B1E500DF080D /* Base */ = {isa = PBXFileReference; lastKnownFileType = file.storyboard; name = Base; path = Base.lproj/LaunchScreen.storyboard; sourceTree = "<group>"; };
		BCC5235D2C01B1E500DF080D /* Info.plist */ = {isa = PBXFileReference; lastKnownFileType = text.plist.xml; path = Info.plist; sourceTree = "<group>"; };
		BCC523642C01B2AD00DF080D /* MagazineInfo.swift */ = {isa = PBXFileReference; fileEncoding = 4; lastKnownFileType = sourcecode.swift; path = MagazineInfo.swift; sourceTree = "<group>"; };
		BCC523672C01B35600DF080D /* MagazineTableViewController.swift */ = {isa = PBXFileReference; lastKnownFileType = sourcecode.swift; path = MagazineTableViewController.swift; sourceTree = "<group>"; };
		BCC523692C01B3C600DF080D /* MagazineTableViewCell.swift */ = {isa = PBXFileReference; lastKnownFileType = sourcecode.swift; path = MagazineTableViewCell.swift; sourceTree = "<group>"; };
		BCC5236B2C01B99900DF080D /* UserDefaultManager.swift */ = {isa = PBXFileReference; lastKnownFileType = sourcecode.swift; path = UserDefaultManager.swift; sourceTree = "<group>"; };
		BCC5236D2C01BA6B00DF080D /* MagazineDAO.swift */ = {isa = PBXFileReference; lastKnownFileType = sourcecode.swift; path = MagazineDAO.swift; sourceTree = "<group>"; };
		BCE3B4A22C04745700333310 /* HotCityViewController.swift */ = {isa = PBXFileReference; lastKnownFileType = sourcecode.swift; path = HotCityViewController.swift; sourceTree = "<group>"; };
		BCE3B4A82C0478C600333310 /* TravelModel.swift */ = {isa = PBXFileReference; fileEncoding = 4; lastKnownFileType = sourcecode.swift; path = TravelModel.swift; sourceTree = "<group>"; };
		BCE3B4AA2C0488A200333310 /* UILabel+Extension.swift */ = {isa = PBXFileReference; lastKnownFileType = sourcecode.swift; path = "UILabel+Extension.swift"; sourceTree = "<group>"; };
		BCE3B4AC2C0489C300333310 /* UIImageView+Extension.swift */ = {isa = PBXFileReference; lastKnownFileType = sourcecode.swift; path = "UIImageView+Extension.swift"; sourceTree = "<group>"; };
		BCE3B4B22C04A77400333310 /* AdTableViewCell.swift */ = {isa = PBXFileReference; lastKnownFileType = sourcecode.swift; path = AdTableViewCell.swift; sourceTree = "<group>"; };
		BCE3B4B32C04A77400333310 /* AdTableViewCell.xib */ = {isa = PBXFileReference; lastKnownFileType = file.xib; path = AdTableViewCell.xib; sourceTree = "<group>"; };
		BCE3B4B62C04A7C000333310 /* HotCityTableViewCell.swift */ = {isa = PBXFileReference; lastKnownFileType = sourcecode.swift; path = HotCityTableViewCell.swift; sourceTree = "<group>"; };
		BCE3B4B72C04A7C000333310 /* HotCityTableViewCell.xib */ = {isa = PBXFileReference; lastKnownFileType = file.xib; path = HotCityTableViewCell.xib; sourceTree = "<group>"; };
		BCE3B4BA2C04DE9900333310 /* UINavigationItem+Extension.swift */ = {isa = PBXFileReference; lastKnownFileType = sourcecode.swift; path = "UINavigationItem+Extension.swift"; sourceTree = "<group>"; };
		BCE3B4BC2C0500C000333310 /* BaseScrollView.swift */ = {isa = PBXFileReference; lastKnownFileType = sourcecode.swift; path = BaseScrollView.swift; sourceTree = "<group>"; };
		BCE3B4BE2C0500E500333310 /* HorizontalScrollView.swift */ = {isa = PBXFileReference; lastKnownFileType = sourcecode.swift; path = HorizontalScrollView.swift; sourceTree = "<group>"; };
		BCE3B4CA2C05140C00333310 /* TravelTabBarController.swift */ = {isa = PBXFileReference; lastKnownFileType = sourcecode.swift; path = TravelTabBarController.swift; sourceTree = "<group>"; };
/* End PBXFileReference section */

/* Begin PBXFrameworksBuildPhase section */
		BCC523492C01B1E400DF080D /* Frameworks */ = {
			isa = PBXFrameworksBuildPhase;
			buildActionMask = 2147483647;
			files = (
				BCFDE8DF2C06C7D300CDDA49 /* Kingfisher in Frameworks */,
				BCFDE8E22C06C7DF00CDDA49 /* SnapKit in Frameworks */,
			);
			runOnlyForDeploymentPostprocessing = 0;
		};
/* End PBXFrameworksBuildPhase section */

/* Begin PBXGroup section */
		BC5750112C0463980072E10F /* Extension */ = {
			isa = PBXGroup;
			children = (
				BCE3B4BC2C0500C000333310 /* BaseScrollView.swift */,
				BCE3B4BE2C0500E500333310 /* HorizontalScrollView.swift */,
				BC5750072C045F430072E10F /* UITableViewCell+Extension.swift */,
				BC5750092C0461250072E10F /* UITableView+Extension.swift */,
				BC57500B2C0461F20072E10F /* UINavigationController+Extension.swift */,
				BC57500D2C0462980072E10F /* UITabBarController+Extension.swift */,
				BC57500F2C04638C0072E10F /* UIViewController+Extension.swift */,
				BC5750172C0467530072E10F /* UITextField+Extension.swift */,
				BC5750192C0467E70072E10F /* UIButton+Extension.swift */,
				BCE3B4AA2C0488A200333310 /* UILabel+Extension.swift */,
				BCE3B4AC2C0489C300333310 /* UIImageView+Extension.swift */,
				BCE3B4BA2C04DE9900333310 /* UINavigationItem+Extension.swift */,
				BC8B795A2C06F265006E0F6A /* Notification.Name+Extension.swift */,
				BCC1765B2C087782006AB814 /* CALayer+Extension.swift */,
				BC14DC422C09756300DC942C /* ReuseIdentifierProtocol.swift */,
				BC6D8E812C0DF90800051C0E /* UIView+Extension.swift */,
			);
			path = Extension;
			sourceTree = "<group>";
		};
		BC5750122C0463C80072E10F /* DAO */ = {
			isa = PBXGroup;
			children = (
				BCC5236B2C01B99900DF080D /* UserDefaultManager.swift */,
				BC574FDC2C01EBDF0072E10F /* RestaurantDAO.swift */,
				BCC5236D2C01BA6B00DF080D /* MagazineDAO.swift */,
				BC574FE42C01EDFA0072E10F /* sectionDAO.swift */,
			);
			path = DAO;
			sourceTree = "<group>";
		};
		BC5750132C0463F20072E10F /* State */ = {
			isa = PBXGroup;
			children = (
				BC574FE82C01F2D80072E10F /* CellIdentifier.swift */,
				BC574FEC2C01FBAA0072E10F /* placeholder.swift */,
				BC14DC502C0AFDA100DC942C /* StoryBoard.swift */,
			);
			path = State;
			sourceTree = "<group>";
		};
		BCC1764D2C071314006AB814 /* Cell */ = {
			isa = PBXGroup;
			children = (
				BCC523692C01B3C600DF080D /* MagazineTableViewCell.swift */,
				BC574FE62C01EF9E0072E10F /* RestaurantTableViewCell.swift */,
				BC574FEA2C01F60F0072E10F /* SearchRestaurantTableViewCell.swift */,
				BCE3B4B22C04A77400333310 /* AdTableViewCell.swift */,
				BCE3B4B72C04A7C000333310 /* HotCityTableViewCell.xib */,
				BCE3B4B62C04A7C000333310 /* HotCityTableViewCell.swift */,
				BCE3B4B32C04A77400333310 /* AdTableViewCell.xib */,
				BCC176492C07130E006AB814 /* HotCountryTableViewCell.swift */,
				BCC1764A2C07130E006AB814 /* HotCountryTableViewCell.xib */,
				BC14DC4C2C0AF1F300DC942C /* ChattingListTableViewCell.swift */,
				BC14DC4D2C0AF1F300DC942C /* ChattingListTableViewCell.xib */,
				BC14DC522C0B021E00DC942C /* OtherChatFirstTableViewCell.swift */,
				BC14DC532C0B021E00DC942C /* OtherChatFirstTableViewCell.xib */,
				BC14DC582C0B08E700DC942C /* MyChatTableViewCell.swift */,
				BC14DC592C0B08E700DC942C /* MyChatTableViewCell.xib */,
				BC14DC5C2C0C586F00DC942C /* OtherChatTableViewCell.swift */,
				BC14DC5D2C0C586F00DC942C /* OtherChatTableViewCell.xib */,
				BC6D8E292C0CB66800051C0E /* ChattingListSecondTableViewCell.swift */,
				BC6D8E2A2C0CB66800051C0E /* ChattingListSecondTableViewCell.xib */,
				BC6D8E2D2C0CBBA100051C0E /* ChattingListThirdTableViewCell.swift */,
				BC6D8E2E2C0CBBA100051C0E /* ChattingListThirdTableViewCell.xib */,
				BC6D8E312C0CBDDD00051C0E /* ChattingListForthTableViewCell.swift */,
				BC6D8E322C0CBDDD00051C0E /* ChattingListForthTableViewCell.xib */,
			);
			path = Cell;
			sourceTree = "<group>";
		};
		BCC523432C01B1E400DF080D = {
			isa = PBXGroup;
			children = (
				BCC5234E2C01B1E400DF080D /* TravelPractice */,
				BCC5234D2C01B1E400DF080D /* Products */,
			);
			sourceTree = "<group>";
		};
		BCC5234D2C01B1E400DF080D /* Products */ = {
			isa = PBXGroup;
			children = (
				BCC5234C2C01B1E400DF080D /* TravlePractice.app */,
			);
			name = Products;
			sourceTree = "<group>";
		};
		BCC5234E2C01B1E400DF080D /* TravelPractice */ = {
			isa = PBXGroup;
			children = (
				BCC1764D2C071314006AB814 /* Cell */,
				BCE3B4B12C04A71900333310 /* XIB */,
				BC5750132C0463F20072E10F /* State */,
				BC5750122C0463C80072E10F /* DAO */,
				BCC523632C01B27600DF080D /* Data */,
				BC5750112C0463980072E10F /* Extension */,
				BCC523662C01B33D00DF080D /* Controller */,
				BCC5234F2C01B1E400DF080D /* AppDelegate.swift */,
				BCC523512C01B1E400DF080D /* SceneDelegate.swift */,
				BCC523532C01B1E400DF080D /* ViewController.swift */,
				BCC523582C01B1E500DF080D /* Assets.xcassets */,
				BCC5235D2C01B1E500DF080D /* Info.plist */,
			);
			path = TravelPractice;
			sourceTree = "<group>";
		};
		BCC523632C01B27600DF080D /* Data */ = {
			isa = PBXGroup;
			children = (
				BC14DC442C0AEA0C00DC942C /* ChattingData.swift */,
				BCC1764E2C071D84006AB814 /* CityInfo.swift */,
				BCE3B4A82C0478C600333310 /* TravelModel.swift */,
				BC574FDE2C01EBE40072E10F /* RestaurantsList.swift */,
				BCC523642C01B2AD00DF080D /* MagazineInfo.swift */,
				BCC176592C0870FF006AB814 /* SystemImage.swift */,
				BCC1765D2C089227006AB814 /* AdImageUrl.swift */,
			);
			path = Data;
			sourceTree = "<group>";
		};
		BCC523662C01B33D00DF080D /* Controller */ = {
			isa = PBXGroup;
			children = (
				BCC523672C01B35600DF080D /* MagazineTableViewController.swift */,
				BC574FE22C01ED090072E10F /* RestaurantsTableViewController.swift */,
				BCE3B4A22C04745700333310 /* HotCityViewController.swift */,
				BCE3B4CA2C05140C00333310 /* TravelTabBarController.swift */,
				BC8B795E2C07010C006E0F6A /* AdViewController.swift */,
				BC8B79602C07030B006E0F6A /* TravelDescViewController.swift */,
				BCC176472C070B56006AB814 /* HotCountryViewController.swift */,
				BCC176612C089BE6006AB814 /* RestaurantMapViewController.swift */,
				BC14DC482C0AEEC800DC942C /* ChattingListViewController.swift */,
				BC14DC4A2C0AEEEB00DC942C /* ChattingRoomViewController.swift */,
			);
			path = Controller;
			sourceTree = "<group>";
		};
		BCE3B4B12C04A71900333310 /* XIB */ = {
			isa = PBXGroup;
			children = (
				BCC5235A2C01B1E500DF080D /* LaunchScreen.storyboard */,
				BCC523552C01B1E400DF080D /* Main.storyboard */,
				BC8B795C2C06FAE0006E0F6A /* Advertisement.storyboard */,
				BCC176452C070AC5006AB814 /* HotCountry.storyboard */,
				BCC1765F2C089AFF006AB814 /* RestaurantMap.storyboard */,
				BC14DC462C0AEDE200DC942C /* Chatting.storyboard */,
			);
			path = XIB;
			sourceTree = "<group>";
		};
/* End PBXGroup section */

/* Begin PBXNativeTarget section */
		BCC5234B2C01B1E400DF080D /* TravlePractice */ = {
			isa = PBXNativeTarget;
			buildConfigurationList = BCC523602C01B1E500DF080D /* Build configuration list for PBXNativeTarget "TravlePractice" */;
			buildPhases = (
				BCC523482C01B1E400DF080D /* Sources */,
				BCC523492C01B1E400DF080D /* Frameworks */,
				BCC5234A2C01B1E400DF080D /* Resources */,
			);
			buildRules = (
			);
			dependencies = (
			);
			name = TravlePractice;
			packageProductDependencies = (
				BCFDE8DE2C06C7D300CDDA49 /* Kingfisher */,
				BCFDE8E12C06C7DF00CDDA49 /* SnapKit */,
			);
			productName = TravlePractice;
			productReference = BCC5234C2C01B1E400DF080D /* TravlePractice.app */;
			productType = "com.apple.product-type.application";
		};
/* End PBXNativeTarget section */

/* Begin PBXProject section */
		BCC523442C01B1E400DF080D /* Project object */ = {
			isa = PBXProject;
			attributes = {
				BuildIndependentTargetsInParallel = 1;
				LastSwiftUpdateCheck = 1540;
				LastUpgradeCheck = 1540;
				TargetAttributes = {
					BCC5234B2C01B1E400DF080D = {
						CreatedOnToolsVersion = 15.4;
					};
				};
			};
			buildConfigurationList = BCC523472C01B1E400DF080D /* Build configuration list for PBXProject "TravelPractice" */;
			compatibilityVersion = "Xcode 14.0";
			developmentRegion = ko;
			hasScannedForEncodings = 0;
			knownRegions = (
				en,
				Base,
				ko,
			);
			mainGroup = BCC523432C01B1E400DF080D;
			packageReferences = (
				BCFDE8DD2C06C7D300CDDA49 /* XCRemoteSwiftPackageReference "Kingfisher" */,
				BCFDE8E02C06C7DE00CDDA49 /* XCRemoteSwiftPackageReference "SnapKit" */,
			);
			productRefGroup = BCC5234D2C01B1E400DF080D /* Products */;
			projectDirPath = "";
			projectRoot = "";
			targets = (
				BCC5234B2C01B1E400DF080D /* TravlePractice */,
			);
		};
/* End PBXProject section */

/* Begin PBXResourcesBuildPhase section */
		BCC5234A2C01B1E400DF080D /* Resources */ = {
			isa = PBXResourcesBuildPhase;
			buildActionMask = 2147483647;
			files = (
				BCE3B4B52C04A77400333310 /* AdTableViewCell.xib in Resources */,
				BCC176462C070AC5006AB814 /* HotCountry.storyboard in Resources */,
				BCC523592C01B1E500DF080D /* Assets.xcassets in Resources */,
				BC6D8E342C0CBDDD00051C0E /* ChattingListForthTableViewCell.xib in Resources */,
				BC8B795D2C06FAE0006E0F6A /* Advertisement.storyboard in Resources */,
				BC14DC472C0AEDE200DC942C /* Chatting.storyboard in Resources */,
				BC14DC5B2C0B08E700DC942C /* MyChatTableViewCell.xib in Resources */,
				BC14DC552C0B021E00DC942C /* OtherChatFirstTableViewCell.xib in Resources */,
				BC14DC4F2C0AF1F300DC942C /* ChattingListTableViewCell.xib in Resources */,
				BC6D8E2C2C0CB66800051C0E /* ChattingListSecondTableViewCell.xib in Resources */,
				BCC176602C089AFF006AB814 /* RestaurantMap.storyboard in Resources */,
				BCC5235C2C01B1E500DF080D /* Base in Resources */,
				BC6D8E302C0CBBA100051C0E /* ChattingListThirdTableViewCell.xib in Resources */,
				BC14DC5F2C0C586F00DC942C /* OtherChatTableViewCell.xib in Resources */,
				BCC523572C01B1E400DF080D /* Base in Resources */,
				BCC1764B2C07130E006AB814 /* HotCountryTableViewCell.xib in Resources */,
				BCE3B4B92C04A7C000333310 /* HotCityTableViewCell.xib in Resources */,
			);
			runOnlyForDeploymentPostprocessing = 0;
		};
/* End PBXResourcesBuildPhase section */

/* Begin PBXSourcesBuildPhase section */
		BCC523482C01B1E400DF080D /* Sources */ = {
			isa = PBXSourcesBuildPhase;
			buildActionMask = 2147483647;
			files = (
				BC8B795B2C06F265006E0F6A /* Notification.Name+Extension.swift in Sources */,
				BC8B795F2C07010C006E0F6A /* AdViewController.swift in Sources */,
				BC574FE52C01EDFA0072E10F /* sectionDAO.swift in Sources */,
				BCE3B4A32C04745700333310 /* HotCityViewController.swift in Sources */,
				BCE3B4BD2C0500C000333310 /* BaseScrollView.swift in Sources */,
				BCE3B4BB2C04DE9900333310 /* UINavigationItem+Extension.swift in Sources */,
				BC57500A2C0461250072E10F /* UITableView+Extension.swift in Sources */,
				BCC523682C01B35600DF080D /* MagazineTableViewController.swift in Sources */,
				BC57500E2C0462980072E10F /* UITabBarController+Extension.swift in Sources */,
				BCE3B4B42C04A77400333310 /* AdTableViewCell.swift in Sources */,
				BCC1764F2C071D84006AB814 /* CityInfo.swift in Sources */,
				BC14DC4E2C0AF1F300DC942C /* ChattingListTableViewCell.swift in Sources */,
				BC14DC512C0AFDA100DC942C /* StoryBoard.swift in Sources */,
				BC574FEB2C01F60F0072E10F /* SearchRestaurantTableViewCell.swift in Sources */,
				BCE3B4BF2C0500E500333310 /* HorizontalScrollView.swift in Sources */,
				BC14DC452C0AEA0C00DC942C /* ChattingData.swift in Sources */,
				BC14DC5A2C0B08E700DC942C /* MyChatTableViewCell.swift in Sources */,
				BCC1764C2C07130E006AB814 /* HotCountryTableViewCell.swift in Sources */,
				BC574FED2C01FBAA0072E10F /* placeholder.swift in Sources */,
				BC574FE32C01ED090072E10F /* RestaurantsTableViewController.swift in Sources */,
				BC5750082C045F430072E10F /* UITableViewCell+Extension.swift in Sources */,
				BCE3B4B82C04A7C000333310 /* HotCityTableViewCell.swift in Sources */,
				BC574FDD2C01EBDF0072E10F /* RestaurantDAO.swift in Sources */,
				BCC523542C01B1E400DF080D /* ViewController.swift in Sources */,
				BC14DC4B2C0AEEEB00DC942C /* ChattingRoomViewController.swift in Sources */,
				BCE3B4A92C0478C600333310 /* TravelModel.swift in Sources */,
				BCC523652C01B2AD00DF080D /* MagazineInfo.swift in Sources */,
				BCE3B4AD2C0489C300333310 /* UIImageView+Extension.swift in Sources */,
				BC8B79612C07030B006E0F6A /* TravelDescViewController.swift in Sources */,
				BCC5236A2C01B3C600DF080D /* MagazineTableViewCell.swift in Sources */,
				BCE3B4CB2C05140C00333310 /* TravelTabBarController.swift in Sources */,
				BCC176622C089BE6006AB814 /* RestaurantMapViewController.swift in Sources */,
				BCC523502C01B1E400DF080D /* AppDelegate.swift in Sources */,
				BC574FDF2C01EBE40072E10F /* RestaurantsList.swift in Sources */,
				BC14DC432C09756300DC942C /* ReuseIdentifierProtocol.swift in Sources */,
				BC6D8E2F2C0CBBA100051C0E /* ChattingListThirdTableViewCell.swift in Sources */,
				BCC1765A2C0870FF006AB814 /* SystemImage.swift in Sources */,
				BC14DC5E2C0C586F00DC942C /* OtherChatTableViewCell.swift in Sources */,
				BC14DC492C0AEEC800DC942C /* ChattingListViewController.swift in Sources */,
				BC574FE92C01F2D80072E10F /* CellIdentifier.swift in Sources */,
				BCC176482C070B56006AB814 /* HotCountryViewController.swift in Sources */,
				BC6D8E2B2C0CB66800051C0E /* ChattingListSecondTableViewCell.swift in Sources */,
				BCC5236E2C01BA6B00DF080D /* MagazineDAO.swift in Sources */,
				BC14DC542C0B021E00DC942C /* OtherChatFirstTableViewCell.swift in Sources */,
				BCC523522C01B1E400DF080D /* SceneDelegate.swift in Sources */,
				BC5750182C0467530072E10F /* UITextField+Extension.swift in Sources */,
				BC574FE72C01EF9E0072E10F /* RestaurantTableViewCell.swift in Sources */,
				BCC1765C2C087782006AB814 /* CALayer+Extension.swift in Sources */,
				BC5750102C04638C0072E10F /* UIViewController+Extension.swift in Sources */,
				BCE3B4AB2C0488A200333310 /* UILabel+Extension.swift in Sources */,
				BC6D8E822C0DF90800051C0E /* UIView+Extension.swift in Sources */,
				BCC1765E2C089227006AB814 /* AdImageUrl.swift in Sources */,
				BCC5236C2C01B99900DF080D /* UserDefaultManager.swift in Sources */,
				BC6D8E332C0CBDDD00051C0E /* ChattingListForthTableViewCell.swift in Sources */,
				BC57501A2C0467E70072E10F /* UIButton+Extension.swift in Sources */,
				BC57500C2C0461F20072E10F /* UINavigationController+Extension.swift in Sources */,
			);
			runOnlyForDeploymentPostprocessing = 0;
		};
/* End PBXSourcesBuildPhase section */

/* Begin PBXVariantGroup section */
		BCC523552C01B1E400DF080D /* Main.storyboard */ = {
			isa = PBXVariantGroup;
			children = (
				BCC523562C01B1E400DF080D /* Base */,
				BC14DC572C0B04AD00DC942C /* ko */,
			);
			name = Main.storyboard;
			sourceTree = "<group>";
		};
		BCC5235A2C01B1E500DF080D /* LaunchScreen.storyboard */ = {
			isa = PBXVariantGroup;
			children = (
				BCC5235B2C01B1E500DF080D /* Base */,
				BC14DC562C0B04AD00DC942C /* ko */,
			);
			name = LaunchScreen.storyboard;
			sourceTree = "<group>";
		};
/* End PBXVariantGroup section */

/* Begin XCBuildConfiguration section */
		BCC5235E2C01B1E500DF080D /* Debug */ = {
			isa = XCBuildConfiguration;
			buildSettings = {
				ALWAYS_SEARCH_USER_PATHS = NO;
				ASSETCATALOG_COMPILER_GENERATE_SWIFT_ASSET_SYMBOL_EXTENSIONS = YES;
				CLANG_ANALYZER_LOCALIZABILITY_NONLOCALIZED = YES;
				CLANG_ANALYZER_NONNULL = YES;
				CLANG_ANALYZER_NUMBER_OBJECT_CONVERSION = YES_AGGRESSIVE;
				CLANG_CXX_LANGUAGE_STANDARD = "gnu++20";
				CLANG_ENABLE_MODULES = YES;
				CLANG_ENABLE_OBJC_ARC = YES;
				CLANG_ENABLE_OBJC_WEAK = YES;
				CLANG_WARN_BLOCK_CAPTURE_AUTORELEASING = YES;
				CLANG_WARN_BOOL_CONVERSION = YES;
				CLANG_WARN_COMMA = YES;
				CLANG_WARN_CONSTANT_CONVERSION = YES;
				CLANG_WARN_DEPRECATED_OBJC_IMPLEMENTATIONS = YES;
				CLANG_WARN_DIRECT_OBJC_ISA_USAGE = YES_ERROR;
				CLANG_WARN_DOCUMENTATION_COMMENTS = YES;
				CLANG_WARN_EMPTY_BODY = YES;
				CLANG_WARN_ENUM_CONVERSION = YES;
				CLANG_WARN_INFINITE_RECURSION = YES;
				CLANG_WARN_INT_CONVERSION = YES;
				CLANG_WARN_NON_LITERAL_NULL_CONVERSION = YES;
				CLANG_WARN_OBJC_IMPLICIT_RETAIN_SELF = YES;
				CLANG_WARN_OBJC_LITERAL_CONVERSION = YES;
				CLANG_WARN_OBJC_ROOT_CLASS = YES_ERROR;
				CLANG_WARN_QUOTED_INCLUDE_IN_FRAMEWORK_HEADER = YES;
				CLANG_WARN_RANGE_LOOP_ANALYSIS = YES;
				CLANG_WARN_STRICT_PROTOTYPES = YES;
				CLANG_WARN_SUSPICIOUS_MOVE = YES;
				CLANG_WARN_UNGUARDED_AVAILABILITY = YES_AGGRESSIVE;
				CLANG_WARN_UNREACHABLE_CODE = YES;
				CLANG_WARN__DUPLICATE_METHOD_MATCH = YES;
				COPY_PHASE_STRIP = NO;
				DEBUG_INFORMATION_FORMAT = dwarf;
				"DSTROOT[sdk=*]" = "/tmp/$(PROJECT_NAME).dst";
				ENABLE_STRICT_OBJC_MSGSEND = YES;
				ENABLE_TESTABILITY = YES;
				ENABLE_USER_SCRIPT_SANDBOXING = YES;
				GCC_C_LANGUAGE_STANDARD = gnu17;
				GCC_DYNAMIC_NO_PIC = NO;
				GCC_NO_COMMON_BLOCKS = YES;
				GCC_OPTIMIZATION_LEVEL = 0;
				GCC_PREPROCESSOR_DEFINITIONS = (
					"DEBUG=1",
					"$(inherited)",
				);
				GCC_WARN_64_TO_32_BIT_CONVERSION = YES;
				GCC_WARN_ABOUT_RETURN_TYPE = YES_ERROR;
				GCC_WARN_UNDECLARED_SELECTOR = YES;
				GCC_WARN_UNINITIALIZED_AUTOS = YES_AGGRESSIVE;
				GCC_WARN_UNUSED_FUNCTION = YES;
				GCC_WARN_UNUSED_VARIABLE = YES;
				IPHONEOS_DEPLOYMENT_TARGET = 16.0;
				LOCALIZATION_PREFERS_STRING_CATALOGS = YES;
				MTL_ENABLE_DEBUG_INFO = INCLUDE_SOURCE;
				MTL_FAST_MATH = YES;
				ONLY_ACTIVE_ARCH = YES;
				SDKROOT = iphoneos;
				SWIFT_ACTIVE_COMPILATION_CONDITIONS = "DEBUG $(inherited)";
				SWIFT_OPTIMIZATION_LEVEL = "-Onone";
			};
			name = Debug;
		};
		BCC5235F2C01B1E500DF080D /* Release */ = {
			isa = XCBuildConfiguration;
			buildSettings = {
				ALWAYS_SEARCH_USER_PATHS = NO;
				ASSETCATALOG_COMPILER_GENERATE_SWIFT_ASSET_SYMBOL_EXTENSIONS = YES;
				CLANG_ANALYZER_LOCALIZABILITY_NONLOCALIZED = YES;
				CLANG_ANALYZER_NONNULL = YES;
				CLANG_ANALYZER_NUMBER_OBJECT_CONVERSION = YES_AGGRESSIVE;
				CLANG_CXX_LANGUAGE_STANDARD = "gnu++20";
				CLANG_ENABLE_MODULES = YES;
				CLANG_ENABLE_OBJC_ARC = YES;
				CLANG_ENABLE_OBJC_WEAK = YES;
				CLANG_WARN_BLOCK_CAPTURE_AUTORELEASING = YES;
				CLANG_WARN_BOOL_CONVERSION = YES;
				CLANG_WARN_COMMA = YES;
				CLANG_WARN_CONSTANT_CONVERSION = YES;
				CLANG_WARN_DEPRECATED_OBJC_IMPLEMENTATIONS = YES;
				CLANG_WARN_DIRECT_OBJC_ISA_USAGE = YES_ERROR;
				CLANG_WARN_DOCUMENTATION_COMMENTS = YES;
				CLANG_WARN_EMPTY_BODY = YES;
				CLANG_WARN_ENUM_CONVERSION = YES;
				CLANG_WARN_INFINITE_RECURSION = YES;
				CLANG_WARN_INT_CONVERSION = YES;
				CLANG_WARN_NON_LITERAL_NULL_CONVERSION = YES;
				CLANG_WARN_OBJC_IMPLICIT_RETAIN_SELF = YES;
				CLANG_WARN_OBJC_LITERAL_CONVERSION = YES;
				CLANG_WARN_OBJC_ROOT_CLASS = YES_ERROR;
				CLANG_WARN_QUOTED_INCLUDE_IN_FRAMEWORK_HEADER = YES;
				CLANG_WARN_RANGE_LOOP_ANALYSIS = YES;
				CLANG_WARN_STRICT_PROTOTYPES = YES;
				CLANG_WARN_SUSPICIOUS_MOVE = YES;
				CLANG_WARN_UNGUARDED_AVAILABILITY = YES_AGGRESSIVE;
				CLANG_WARN_UNREACHABLE_CODE = YES;
				CLANG_WARN__DUPLICATE_METHOD_MATCH = YES;
				COPY_PHASE_STRIP = NO;
				DEBUG_INFORMATION_FORMAT = "dwarf-with-dsym";
				ENABLE_NS_ASSERTIONS = NO;
				ENABLE_STRICT_OBJC_MSGSEND = YES;
				ENABLE_USER_SCRIPT_SANDBOXING = YES;
				GCC_C_LANGUAGE_STANDARD = gnu17;
				GCC_NO_COMMON_BLOCKS = YES;
				GCC_WARN_64_TO_32_BIT_CONVERSION = YES;
				GCC_WARN_ABOUT_RETURN_TYPE = YES_ERROR;
				GCC_WARN_UNDECLARED_SELECTOR = YES;
				GCC_WARN_UNINITIALIZED_AUTOS = YES_AGGRESSIVE;
				GCC_WARN_UNUSED_FUNCTION = YES;
				GCC_WARN_UNUSED_VARIABLE = YES;
				IPHONEOS_DEPLOYMENT_TARGET = 16.0;
				LOCALIZATION_PREFERS_STRING_CATALOGS = YES;
				MTL_ENABLE_DEBUG_INFO = NO;
				MTL_FAST_MATH = YES;
				SDKROOT = iphoneos;
				SWIFT_COMPILATION_MODE = wholemodule;
				VALIDATE_PRODUCT = YES;
			};
			name = Release;
		};
		BCC523612C01B1E500DF080D /* Debug */ = {
			isa = XCBuildConfiguration;
			buildSettings = {
				ASSETCATALOG_COMPILER_APPICON_NAME = AppIcon;
				ASSETCATALOG_COMPILER_GLOBAL_ACCENT_COLOR_NAME = AccentColor;
				CODE_SIGN_STYLE = Automatic;
				CURRENT_PROJECT_VERSION = 1;
				DEVELOPMENT_TEAM = F8FT97JYZT;
				GENERATE_INFOPLIST_FILE = YES;
				INFOPLIST_FILE = TravelPractice/Info.plist;
				INFOPLIST_KEY_UIApplicationSupportsIndirectInputEvents = YES;
				INFOPLIST_KEY_UILaunchStoryboardName = LaunchScreen;
				INFOPLIST_KEY_UIMainStoryboardFile = Main;
				INFOPLIST_KEY_UISupportedInterfaceOrientations_iPad = "";
				INFOPLIST_KEY_UISupportedInterfaceOrientations_iPhone = "UIInterfaceOrientationPortrait UIInterfaceOrientationLandscapeLeft UIInterfaceOrientationLandscapeRight";
				LD_RUNPATH_SEARCH_PATHS = (
					"$(inherited)",
					"@executable_path/Frameworks",
				);
				MARKETING_VERSION = 1.0;
				PRODUCT_BUNDLE_IDENTIFIER = tunastorm.TravelPractice;
				PRODUCT_NAME = "$(TARGET_NAME)";
				SUPPORTED_PLATFORMS = "iphoneos iphonesimulator";
				SUPPORTS_MACCATALYST = NO;
				SUPPORTS_MAC_DESIGNED_FOR_IPHONE_IPAD = NO;
				SUPPORTS_XR_DESIGNED_FOR_IPHONE_IPAD = NO;
				SWIFT_EMIT_LOC_STRINGS = YES;
				SWIFT_VERSION = 5.0;
				TARGETED_DEVICE_FAMILY = 1;
			};
			name = Debug;
		};
		BCC523622C01B1E500DF080D /* Release */ = {
			isa = XCBuildConfiguration;
			buildSettings = {
				ASSETCATALOG_COMPILER_APPICON_NAME = AppIcon;
				ASSETCATALOG_COMPILER_GLOBAL_ACCENT_COLOR_NAME = AccentColor;
				CODE_SIGN_STYLE = Automatic;
				CURRENT_PROJECT_VERSION = 1;
				DEVELOPMENT_TEAM = F8FT97JYZT;
				GENERATE_INFOPLIST_FILE = YES;
				INFOPLIST_FILE = TravelPractice/Info.plist;
				INFOPLIST_KEY_UIApplicationSupportsIndirectInputEvents = YES;
				INFOPLIST_KEY_UILaunchStoryboardName = LaunchScreen;
				INFOPLIST_KEY_UIMainStoryboardFile = Main;
				INFOPLIST_KEY_UISupportedInterfaceOrientations_iPad = "";
				INFOPLIST_KEY_UISupportedInterfaceOrientations_iPhone = "UIInterfaceOrientationPortrait UIInterfaceOrientationLandscapeLeft UIInterfaceOrientationLandscapeRight";
				LD_RUNPATH_SEARCH_PATHS = (
					"$(inherited)",
					"@executable_path/Frameworks",
				);
				MARKETING_VERSION = 1.0;
				PRODUCT_BUNDLE_IDENTIFIER = tunastorm.TravelPractice;
				PRODUCT_NAME = "$(TARGET_NAME)";
				SUPPORTED_PLATFORMS = "iphoneos iphonesimulator";
				SUPPORTS_MACCATALYST = NO;
				SUPPORTS_MAC_DESIGNED_FOR_IPHONE_IPAD = NO;
				SUPPORTS_XR_DESIGNED_FOR_IPHONE_IPAD = NO;
				SWIFT_EMIT_LOC_STRINGS = YES;
				SWIFT_VERSION = 5.0;
				TARGETED_DEVICE_FAMILY = 1;
			};
			name = Release;
		};
/* End XCBuildConfiguration section */

/* Begin XCConfigurationList section */
		BCC523472C01B1E400DF080D /* Build configuration list for PBXProject "TravelPractice" */ = {
			isa = XCConfigurationList;
			buildConfigurations = (
				BCC5235E2C01B1E500DF080D /* Debug */,
				BCC5235F2C01B1E500DF080D /* Release */,
			);
			defaultConfigurationIsVisible = 0;
			defaultConfigurationName = Release;
		};
		BCC523602C01B1E500DF080D /* Build configuration list for PBXNativeTarget "TravlePractice" */ = {
			isa = XCConfigurationList;
			buildConfigurations = (
				BCC523612C01B1E500DF080D /* Debug */,
				BCC523622C01B1E500DF080D /* Release */,
			);
			defaultConfigurationIsVisible = 0;
			defaultConfigurationName = Release;
		};
/* End XCConfigurationList section */

/* Begin XCRemoteSwiftPackageReference section */
		BCFDE8DD2C06C7D300CDDA49 /* XCRemoteSwiftPackageReference "Kingfisher" */ = {
			isa = XCRemoteSwiftPackageReference;
			repositoryURL = "https://github.com/onevcat/Kingfisher.git";
			requirement = {
				kind = upToNextMajorVersion;
				minimumVersion = 7.11.0;
			};
		};
		BCFDE8E02C06C7DE00CDDA49 /* XCRemoteSwiftPackageReference "SnapKit" */ = {
			isa = XCRemoteSwiftPackageReference;
			repositoryURL = "https://github.com/SnapKit/SnapKit.git";
			requirement = {
				kind = upToNextMajorVersion;
				minimumVersion = 5.7.1;
			};
		};
/* End XCRemoteSwiftPackageReference section */

/* Begin XCSwiftPackageProductDependency section */
		BCFDE8DE2C06C7D300CDDA49 /* Kingfisher */ = {
			isa = XCSwiftPackageProductDependency;
			package = BCFDE8DD2C06C7D300CDDA49 /* XCRemoteSwiftPackageReference "Kingfisher" */;
			productName = Kingfisher;
		};
		BCFDE8E12C06C7DF00CDDA49 /* SnapKit */ = {
			isa = XCSwiftPackageProductDependency;
			package = BCFDE8E02C06C7DE00CDDA49 /* XCRemoteSwiftPackageReference "SnapKit" */;
			productName = SnapKit;
		};
/* End XCSwiftPackageProductDependency section */
	};
	rootObject = BCC523442C01B1E400DF080D /* Project object */;
}
