// !$*UTF8*$!
{
	archiveVersion = 1;
	classes = {
	};
	objectVersion = 56;
	objects = {

/* Begin PBXBuildFile section */
		BC574FDD2C01EBDF0072E10F /* RestaurantCRUD.swift in Sources */ = {isa = PBXBuildFile; fileRef = BC574FDC2C01EBDF0072E10F /* RestaurantCRUD.swift */; };
		BC574FDF2C01EBE40072E10F /* RestaurantsList.swift in Sources */ = {isa = PBXBuildFile; fileRef = BC574FDE2C01EBE40072E10F /* RestaurantsList.swift */; };
		BC574FE32C01ED090072E10F /* RestaurantsTableViewController.swift in Sources */ = {isa = PBXBuildFile; fileRef = BC574FE22C01ED090072E10F /* RestaurantsTableViewController.swift */; };
		BC574FE52C01EDFA0072E10F /* sectionList.swift in Sources */ = {isa = PBXBuildFile; fileRef = BC574FE42C01EDFA0072E10F /* sectionList.swift */; };
		BC574FE72C01EF9E0072E10F /* RestaurantTableViewCell.swift in Sources */ = {isa = PBXBuildFile; fileRef = BC574FE62C01EF9E0072E10F /* RestaurantTableViewCell.swift */; };
		BC574FE92C01F2D80072E10F /* CellIdentifier.swift in Sources */ = {isa = PBXBuildFile; fileRef = BC574FE82C01F2D80072E10F /* CellIdentifier.swift */; };
		BC574FEB2C01F60F0072E10F /* SearchRestaurantTableViewCell.swift in Sources */ = {isa = PBXBuildFile; fileRef = BC574FEA2C01F60F0072E10F /* SearchRestaurantTableViewCell.swift */; };
		BC574FED2C01FBAA0072E10F /* placeholder.swift in Sources */ = {isa = PBXBuildFile; fileRef = BC574FEC2C01FBAA0072E10F /* placeholder.swift */; };
		BCC523502C01B1E400DF080D /* AppDelegate.swift in Sources */ = {isa = PBXBuildFile; fileRef = BCC5234F2C01B1E400DF080D /* AppDelegate.swift */; };
		BCC523522C01B1E400DF080D /* SceneDelegate.swift in Sources */ = {isa = PBXBuildFile; fileRef = BCC523512C01B1E400DF080D /* SceneDelegate.swift */; };
		BCC523542C01B1E400DF080D /* ViewController.swift in Sources */ = {isa = PBXBuildFile; fileRef = BCC523532C01B1E400DF080D /* ViewController.swift */; };
		BCC523572C01B1E400DF080D /* Base in Resources */ = {isa = PBXBuildFile; fileRef = BCC523562C01B1E400DF080D /* Base */; };
		BCC523592C01B1E500DF080D /* Assets.xcassets in Resources */ = {isa = PBXBuildFile; fileRef = BCC523582C01B1E500DF080D /* Assets.xcassets */; };
		BCC5235C2C01B1E500DF080D /* Base in Resources */ = {isa = PBXBuildFile; fileRef = BCC5235B2C01B1E500DF080D /* Base */; };
		BCC523652C01B2AD00DF080D /* MagazineInfo.swift in Sources */ = {isa = PBXBuildFile; fileRef = BCC523642C01B2AD00DF080D /* MagazineInfo.swift */; };
		BCC523682C01B35600DF080D /* MagazineTableViewController.swift in Sources */ = {isa = PBXBuildFile; fileRef = BCC523672C01B35600DF080D /* MagazineTableViewController.swift */; };
		BCC5236A2C01B3C600DF080D /* MagazineTableViewCell.swift in Sources */ = {isa = PBXBuildFile; fileRef = BCC523692C01B3C600DF080D /* MagazineTableViewCell.swift */; };
		BCC5236C2C01B99900DF080D /* UserDefaultManager.swift in Sources */ = {isa = PBXBuildFile; fileRef = BCC5236B2C01B99900DF080D /* UserDefaultManager.swift */; };
		BCC5236E2C01BA6B00DF080D /* MagazineList.swift in Sources */ = {isa = PBXBuildFile; fileRef = BCC5236D2C01BA6B00DF080D /* MagazineList.swift */; };
		BCC523712C01CCDD00DF080D /* Kingfisher in Frameworks */ = {isa = PBXBuildFile; productRef = BCC523702C01CCDD00DF080D /* Kingfisher */; };
/* End PBXBuildFile section */

/* Begin PBXFileReference section */
		BC574FDC2C01EBDF0072E10F /* RestaurantCRUD.swift */ = {isa = PBXFileReference; fileEncoding = 4; lastKnownFileType = sourcecode.swift; path = RestaurantCRUD.swift; sourceTree = "<group>"; };
		BC574FDE2C01EBE40072E10F /* RestaurantsList.swift */ = {isa = PBXFileReference; fileEncoding = 4; lastKnownFileType = sourcecode.swift; path = RestaurantsList.swift; sourceTree = "<group>"; };
		BC574FE22C01ED090072E10F /* RestaurantsTableViewController.swift */ = {isa = PBXFileReference; lastKnownFileType = sourcecode.swift; path = RestaurantsTableViewController.swift; sourceTree = "<group>"; };
		BC574FE42C01EDFA0072E10F /* sectionList.swift */ = {isa = PBXFileReference; lastKnownFileType = sourcecode.swift; path = sectionList.swift; sourceTree = "<group>"; };
		BC574FE62C01EF9E0072E10F /* RestaurantTableViewCell.swift */ = {isa = PBXFileReference; lastKnownFileType = sourcecode.swift; path = RestaurantTableViewCell.swift; sourceTree = "<group>"; };
		BC574FE82C01F2D80072E10F /* CellIdentifier.swift */ = {isa = PBXFileReference; lastKnownFileType = sourcecode.swift; path = CellIdentifier.swift; sourceTree = "<group>"; };
		BC574FEA2C01F60F0072E10F /* SearchRestaurantTableViewCell.swift */ = {isa = PBXFileReference; lastKnownFileType = sourcecode.swift; path = SearchRestaurantTableViewCell.swift; sourceTree = "<group>"; };
		BC574FEC2C01FBAA0072E10F /* placeholder.swift */ = {isa = PBXFileReference; lastKnownFileType = sourcecode.swift; path = placeholder.swift; sourceTree = "<group>"; };
		BCC5234C2C01B1E400DF080D /* TravlePractice.app */ = {isa = PBXFileReference; explicitFileType = wrapper.application; includeInIndex = 0; path = TravlePractice.app; sourceTree = BUILT_PRODUCTS_DIR; };
		BCC5234F2C01B1E400DF080D /* AppDelegate.swift */ = {isa = PBXFileReference; lastKnownFileType = sourcecode.swift; path = AppDelegate.swift; sourceTree = "<group>"; };
		BCC523512C01B1E400DF080D /* SceneDelegate.swift */ = {isa = PBXFileReference; lastKnownFileType = sourcecode.swift; path = SceneDelegate.swift; sourceTree = "<group>"; };
		BCC523532C01B1E400DF080D /* ViewController.swift */ = {isa = PBXFileReference; lastKnownFileType = sourcecode.swift; path = ViewController.swift; sourceTree = "<group>"; };
		BCC523562C01B1E400DF080D /* Base */ = {isa = PBXFileReference; lastKnownFileType = file.storyboard; name = Base; path = Base.lproj/Main.storyboard; sourceTree = "<group>"; };
		BCC523582C01B1E500DF080D /* Assets.xcassets */ = {isa = PBXFileReference; lastKnownFileType = folder.assetcatalog; path = Assets.xcassets; sourceTree = "<group>"; };
		BCC5235B2C01B1E500DF080D /* Base */ = {isa = PBXFileReference; lastKnownFileType = file.storyboard; name = Base; path = Base.lproj/LaunchScreen.storyboard; sourceTree = "<group>"; };
		BCC5235D2C01B1E500DF080D /* Info.plist */ = {isa = PBXFileReference; lastKnownFileType = text.plist.xml; path = Info.plist; sourceTree = "<group>"; };
		BCC523642C01B2AD00DF080D /* MagazineInfo.swift */ = {isa = PBXFileReference; fileEncoding = 4; lastKnownFileType = sourcecode.swift; path = MagazineInfo.swift; sourceTree = "<group>"; };
		BCC523672C01B35600DF080D /* MagazineTableViewController.swift */ = {isa = PBXFileReference; lastKnownFileType = sourcecode.swift; path = MagazineTableViewController.swift; sourceTree = "<group>"; };
		BCC523692C01B3C600DF080D /* MagazineTableViewCell.swift */ = {isa = PBXFileReference; lastKnownFileType = sourcecode.swift; path = MagazineTableViewCell.swift; sourceTree = "<group>"; };
		BCC5236B2C01B99900DF080D /* UserDefaultManager.swift */ = {isa = PBXFileReference; lastKnownFileType = sourcecode.swift; path = UserDefaultManager.swift; sourceTree = "<group>"; };
		BCC5236D2C01BA6B00DF080D /* MagazineList.swift */ = {isa = PBXFileReference; lastKnownFileType = sourcecode.swift; path = MagazineList.swift; sourceTree = "<group>"; };
/* End PBXFileReference section */

/* Begin PBXFrameworksBuildPhase section */
		BCC523492C01B1E400DF080D /* Frameworks */ = {
			isa = PBXFrameworksBuildPhase;
			buildActionMask = 2147483647;
			files = (
				BCC523712C01CCDD00DF080D /* Kingfisher in Frameworks */,
			);
			runOnlyForDeploymentPostprocessing = 0;
		};
/* End PBXFrameworksBuildPhase section */

/* Begin PBXGroup section */
		BCC523432C01B1E400DF080D = {
			isa = PBXGroup;
			children = (
				BCC523632C01B27600DF080D /* Data */,
				BCC5234E2C01B1E400DF080D /* TravelPractice */,
				BCC5234D2C01B1E400DF080D /* Products */,
			);
			sourceTree = "<group>";
		};
		BCC5234D2C01B1E400DF080D /* Products */ = {
			isa = PBXGroup;
			children = (
				BCC5234C2C01B1E400DF080D /* TravlePractice.app */,
			);
			name = Products;
			sourceTree = "<group>";
		};
		BCC5234E2C01B1E400DF080D /* TravelPractice */ = {
			isa = PBXGroup;
			children = (
				BCC523662C01B33D00DF080D /* Controller */,
				BCC5234F2C01B1E400DF080D /* AppDelegate.swift */,
				BCC523512C01B1E400DF080D /* SceneDelegate.swift */,
				BCC523532C01B1E400DF080D /* ViewController.swift */,
				BCC523552C01B1E400DF080D /* Main.storyboard */,
				BCC523582C01B1E500DF080D /* Assets.xcassets */,
				BCC5235A2C01B1E500DF080D /* LaunchScreen.storyboard */,
				BCC5235D2C01B1E500DF080D /* Info.plist */,
			);
			path = TravelPractice;
			sourceTree = "<group>";
		};
		BCC523632C01B27600DF080D /* Data */ = {
			isa = PBXGroup;
			children = (
				BC574FDE2C01EBE40072E10F /* RestaurantsList.swift */,
				BC574FDC2C01EBDF0072E10F /* RestaurantCRUD.swift */,
				BCC523642C01B2AD00DF080D /* MagazineInfo.swift */,
				BCC5236B2C01B99900DF080D /* UserDefaultManager.swift */,
				BCC5236D2C01BA6B00DF080D /* MagazineList.swift */,
				BC574FE42C01EDFA0072E10F /* sectionList.swift */,
				BC574FE82C01F2D80072E10F /* CellIdentifier.swift */,
				BC574FEC2C01FBAA0072E10F /* placeholder.swift */,
			);
			path = Data;
			sourceTree = "<group>";
		};
		BCC523662C01B33D00DF080D /* Controller */ = {
			isa = PBXGroup;
			children = (
				BCC523672C01B35600DF080D /* MagazineTableViewController.swift */,
				BCC523692C01B3C600DF080D /* MagazineTableViewCell.swift */,
				BC574FE22C01ED090072E10F /* RestaurantsTableViewController.swift */,
				BC574FE62C01EF9E0072E10F /* RestaurantTableViewCell.swift */,
				BC574FEA2C01F60F0072E10F /* SearchRestaurantTableViewCell.swift */,
			);
			path = Controller;
			sourceTree = "<group>";
		};
/* End PBXGroup section */

/* Begin PBXNativeTarget section */
		BCC5234B2C01B1E400DF080D /* TravlePractice */ = {
			isa = PBXNativeTarget;
			buildConfigurationList = BCC523602C01B1E500DF080D /* Build configuration list for PBXNativeTarget "TravlePractice" */;
			buildPhases = (
				BCC523482C01B1E400DF080D /* Sources */,
				BCC523492C01B1E400DF080D /* Frameworks */,
				BCC5234A2C01B1E400DF080D /* Resources */,
			);
			buildRules = (
			);
			dependencies = (
			);
			name = TravlePractice;
			packageProductDependencies = (
				BCC523702C01CCDD00DF080D /* Kingfisher */,
			);
			productName = TravlePractice;
			productReference = BCC5234C2C01B1E400DF080D /* TravlePractice.app */;
			productType = "com.apple.product-type.application";
		};
/* End PBXNativeTarget section */

/* Begin PBXProject section */
		BCC523442C01B1E400DF080D /* Project object */ = {
			isa = PBXProject;
			attributes = {
				BuildIndependentTargetsInParallel = 1;
				LastSwiftUpdateCheck = 1540;
				LastUpgradeCheck = 1540;
				TargetAttributes = {
					BCC5234B2C01B1E400DF080D = {
						CreatedOnToolsVersion = 15.4;
					};
				};
			};
			buildConfigurationList = BCC523472C01B1E400DF080D /* Build configuration list for PBXProject "TravelPractice" */;
			compatibilityVersion = "Xcode 14.0";
			developmentRegion = en;
			hasScannedForEncodings = 0;
			knownRegions = (
				en,
				Base,
			);
			mainGroup = BCC523432C01B1E400DF080D;
			packageReferences = (
				BCC5236F2C01CCDD00DF080D /* XCRemoteSwiftPackageReference "Kingfisher" */,
			);
			productRefGroup = BCC5234D2C01B1E400DF080D /* Products */;
			projectDirPath = "";
			projectRoot = "";
			targets = (
				BCC5234B2C01B1E400DF080D /* TravlePractice */,
			);
		};
/* End PBXProject section */

/* Begin PBXResourcesBuildPhase section */
		BCC5234A2C01B1E400DF080D /* Resources */ = {
			isa = PBXResourcesBuildPhase;
			buildActionMask = 2147483647;
			files = (
				BCC523592C01B1E500DF080D /* Assets.xcassets in Resources */,
				BCC5235C2C01B1E500DF080D /* Base in Resources */,
				BCC523572C01B1E400DF080D /* Base in Resources */,
			);
			runOnlyForDeploymentPostprocessing = 0;
		};
/* End PBXResourcesBuildPhase section */

/* Begin PBXSourcesBuildPhase section */
		BCC523482C01B1E400DF080D /* Sources */ = {
			isa = PBXSourcesBuildPhase;
			buildActionMask = 2147483647;
			files = (
				BC574FE52C01EDFA0072E10F /* sectionList.swift in Sources */,
				BCC523682C01B35600DF080D /* MagazineTableViewController.swift in Sources */,
				BC574FEB2C01F60F0072E10F /* SearchRestaurantTableViewCell.swift in Sources */,
				BC574FED2C01FBAA0072E10F /* placeholder.swift in Sources */,
				BC574FE32C01ED090072E10F /* RestaurantsTableViewController.swift in Sources */,
				BC574FDD2C01EBDF0072E10F /* RestaurantCRUD.swift in Sources */,
				BCC523542C01B1E400DF080D /* ViewController.swift in Sources */,
				BCC523652C01B2AD00DF080D /* MagazineInfo.swift in Sources */,
				BCC5236A2C01B3C600DF080D /* MagazineTableViewCell.swift in Sources */,
				BCC523502C01B1E400DF080D /* AppDelegate.swift in Sources */,
				BC574FDF2C01EBE40072E10F /* RestaurantsList.swift in Sources */,
				BC574FE92C01F2D80072E10F /* CellIdentifier.swift in Sources */,
				BCC5236E2C01BA6B00DF080D /* MagazineList.swift in Sources */,
				BCC523522C01B1E400DF080D /* SceneDelegate.swift in Sources */,
				BC574FE72C01EF9E0072E10F /* RestaurantTableViewCell.swift in Sources */,
				BCC5236C2C01B99900DF080D /* UserDefaultManager.swift in Sources */,
			);
			runOnlyForDeploymentPostprocessing = 0;
		};
/* End PBXSourcesBuildPhase section */

/* Begin PBXVariantGroup section */
		BCC523552C01B1E400DF080D /* Main.storyboard */ = {
			isa = PBXVariantGroup;
			children = (
				BCC523562C01B1E400DF080D /* Base */,
			);
			name = Main.storyboard;
			sourceTree = "<group>";
		};
		BCC5235A2C01B1E500DF080D /* LaunchScreen.storyboard */ = {
			isa = PBXVariantGroup;
			children = (
				BCC5235B2C01B1E500DF080D /* Base */,
			);
			name = LaunchScreen.storyboard;
			sourceTree = "<group>";
		};
/* End PBXVariantGroup section */

/* Begin XCBuildConfiguration section */
		BCC5235E2C01B1E500DF080D /* Debug */ = {
			isa = XCBuildConfiguration;
			buildSettings = {
				ALWAYS_SEARCH_USER_PATHS = NO;
				ASSETCATALOG_COMPILER_GENERATE_SWIFT_ASSET_SYMBOL_EXTENSIONS = YES;
				CLANG_ANALYZER_NONNULL = YES;
				CLANG_ANALYZER_NUMBER_OBJECT_CONVERSION = YES_AGGRESSIVE;
				CLANG_CXX_LANGUAGE_STANDARD = "gnu++20";
				CLANG_ENABLE_MODULES = YES;
				CLANG_ENABLE_OBJC_ARC = YES;
				CLANG_ENABLE_OBJC_WEAK = YES;
				CLANG_WARN_BLOCK_CAPTURE_AUTORELEASING = YES;
				CLANG_WARN_BOOL_CONVERSION = YES;
				CLANG_WARN_COMMA = YES;
				CLANG_WARN_CONSTANT_CONVERSION = YES;
				CLANG_WARN_DEPRECATED_OBJC_IMPLEMENTATIONS = YES;
				CLANG_WARN_DIRECT_OBJC_ISA_USAGE = YES_ERROR;
				CLANG_WARN_DOCUMENTATION_COMMENTS = YES;
				CLANG_WARN_EMPTY_BODY = YES;
				CLANG_WARN_ENUM_CONVERSION = YES;
				CLANG_WARN_INFINITE_RECURSION = YES;
				CLANG_WARN_INT_CONVERSION = YES;
				CLANG_WARN_NON_LITERAL_NULL_CONVERSION = YES;
				CLANG_WARN_OBJC_IMPLICIT_RETAIN_SELF = YES;
				CLANG_WARN_OBJC_LITERAL_CONVERSION = YES;
				CLANG_WARN_OBJC_ROOT_CLASS = YES_ERROR;
				CLANG_WARN_QUOTED_INCLUDE_IN_FRAMEWORK_HEADER = YES;
				CLANG_WARN_RANGE_LOOP_ANALYSIS = YES;
				CLANG_WARN_STRICT_PROTOTYPES = YES;
				CLANG_WARN_SUSPICIOUS_MOVE = YES;
				CLANG_WARN_UNGUARDED_AVAILABILITY = YES_AGGRESSIVE;
				CLANG_WARN_UNREACHABLE_CODE = YES;
				CLANG_WARN__DUPLICATE_METHOD_MATCH = YES;
				COPY_PHASE_STRIP = NO;
				DEBUG_INFORMATION_FORMAT = dwarf;
				"DSTROOT[sdk=*]" = "/tmp/$(PROJECT_NAME).dst";
				ENABLE_STRICT_OBJC_MSGSEND = YES;
				ENABLE_TESTABILITY = YES;
				ENABLE_USER_SCRIPT_SANDBOXING = YES;
				GCC_C_LANGUAGE_STANDARD = gnu17;
				GCC_DYNAMIC_NO_PIC = NO;
				GCC_NO_COMMON_BLOCKS = YES;
				GCC_OPTIMIZATION_LEVEL = 0;
				GCC_PREPROCESSOR_DEFINITIONS = (
					"DEBUG=1",
					"$(inherited)",
				);
				GCC_WARN_64_TO_32_BIT_CONVERSION = YES;
				GCC_WARN_ABOUT_RETURN_TYPE = YES_ERROR;
				GCC_WARN_UNDECLARED_SELECTOR = YES;
				GCC_WARN_UNINITIALIZED_AUTOS = YES_AGGRESSIVE;
				GCC_WARN_UNUSED_FUNCTION = YES;
				GCC_WARN_UNUSED_VARIABLE = YES;
				IPHONEOS_DEPLOYMENT_TARGET = 16.0;
				LOCALIZATION_PREFERS_STRING_CATALOGS = YES;
				MTL_ENABLE_DEBUG_INFO = INCLUDE_SOURCE;
				MTL_FAST_MATH = YES;
				ONLY_ACTIVE_ARCH = YES;
				SDKROOT = iphoneos;
				SWIFT_ACTIVE_COMPILATION_CONDITIONS = "DEBUG $(inherited)";
				SWIFT_OPTIMIZATION_LEVEL = "-Onone";
			};
			name = Debug;
		};
		BCC5235F2C01B1E500DF080D /* Release */ = {
			isa = XCBuildConfiguration;
			buildSettings = {
				ALWAYS_SEARCH_USER_PATHS = NO;
				ASSETCATALOG_COMPILER_GENERATE_SWIFT_ASSET_SYMBOL_EXTENSIONS = YES;
				CLANG_ANALYZER_NONNULL = YES;
				CLANG_ANALYZER_NUMBER_OBJECT_CONVERSION = YES_AGGRESSIVE;
				CLANG_CXX_LANGUAGE_STANDARD = "gnu++20";
				CLANG_ENABLE_MODULES = YES;
				CLANG_ENABLE_OBJC_ARC = YES;
				CLANG_ENABLE_OBJC_WEAK = YES;
				CLANG_WARN_BLOCK_CAPTURE_AUTORELEASING = YES;
				CLANG_WARN_BOOL_CONVERSION = YES;
				CLANG_WARN_COMMA = YES;
				CLANG_WARN_CONSTANT_CONVERSION = YES;
				CLANG_WARN_DEPRECATED_OBJC_IMPLEMENTATIONS = YES;
				CLANG_WARN_DIRECT_OBJC_ISA_USAGE = YES_ERROR;
				CLANG_WARN_DOCUMENTATION_COMMENTS = YES;
				CLANG_WARN_EMPTY_BODY = YES;
				CLANG_WARN_ENUM_CONVERSION = YES;
				CLANG_WARN_INFINITE_RECURSION = YES;
				CLANG_WARN_INT_CONVERSION = YES;
				CLANG_WARN_NON_LITERAL_NULL_CONVERSION = YES;
				CLANG_WARN_OBJC_IMPLICIT_RETAIN_SELF = YES;
				CLANG_WARN_OBJC_LITERAL_CONVERSION = YES;
				CLANG_WARN_OBJC_ROOT_CLASS = YES_ERROR;
				CLANG_WARN_QUOTED_INCLUDE_IN_FRAMEWORK_HEADER = YES;
				CLANG_WARN_RANGE_LOOP_ANALYSIS = YES;
				CLANG_WARN_STRICT_PROTOTYPES = YES;
				CLANG_WARN_SUSPICIOUS_MOVE = YES;
				CLANG_WARN_UNGUARDED_AVAILABILITY = YES_AGGRESSIVE;
				CLANG_WARN_UNREACHABLE_CODE = YES;
				CLANG_WARN__DUPLICATE_METHOD_MATCH = YES;
				COPY_PHASE_STRIP = NO;
				DEBUG_INFORMATION_FORMAT = "dwarf-with-dsym";
				ENABLE_NS_ASSERTIONS = NO;
				ENABLE_STRICT_OBJC_MSGSEND = YES;
				ENABLE_USER_SCRIPT_SANDBOXING = YES;
				GCC_C_LANGUAGE_STANDARD = gnu17;
				GCC_NO_COMMON_BLOCKS = YES;
				GCC_WARN_64_TO_32_BIT_CONVERSION = YES;
				GCC_WARN_ABOUT_RETURN_TYPE = YES_ERROR;
				GCC_WARN_UNDECLARED_SELECTOR = YES;
				GCC_WARN_UNINITIALIZED_AUTOS = YES_AGGRESSIVE;
				GCC_WARN_UNUSED_FUNCTION = YES;
				GCC_WARN_UNUSED_VARIABLE = YES;
				IPHONEOS_DEPLOYMENT_TARGET = 16.0;
				LOCALIZATION_PREFERS_STRING_CATALOGS = YES;
				MTL_ENABLE_DEBUG_INFO = NO;
				MTL_FAST_MATH = YES;
				SDKROOT = iphoneos;
				SWIFT_COMPILATION_MODE = wholemodule;
				VALIDATE_PRODUCT = YES;
			};
			name = Release;
		};
		BCC523612C01B1E500DF080D /* Debug */ = {
			isa = XCBuildConfiguration;
			buildSettings = {
				ASSETCATALOG_COMPILER_APPICON_NAME = AppIcon;
				ASSETCATALOG_COMPILER_GLOBAL_ACCENT_COLOR_NAME = AccentColor;
				CODE_SIGN_STYLE = Automatic;
				CURRENT_PROJECT_VERSION = 1;
				GENERATE_INFOPLIST_FILE = YES;
				INFOPLIST_FILE = TravelPractice/Info.plist;
				INFOPLIST_KEY_UIApplicationSupportsIndirectInputEvents = YES;
				INFOPLIST_KEY_UILaunchStoryboardName = LaunchScreen;
				INFOPLIST_KEY_UIMainStoryboardFile = Main;
				INFOPLIST_KEY_UISupportedInterfaceOrientations_iPad = "UIInterfaceOrientationPortrait UIInterfaceOrientationPortraitUpsideDown UIInterfaceOrientationLandscapeLeft UIInterfaceOrientationLandscapeRight";
				INFOPLIST_KEY_UISupportedInterfaceOrientations_iPhone = "UIInterfaceOrientationPortrait UIInterfaceOrientationLandscapeLeft UIInterfaceOrientationLandscapeRight";
				LD_RUNPATH_SEARCH_PATHS = (
					"$(inherited)",
					"@executable_path/Frameworks",
				);
				MARKETING_VERSION = 1.0;
				PRODUCT_BUNDLE_IDENTIFIER = tunastorm.TravelPractice;
				PRODUCT_NAME = "$(TARGET_NAME)";
				SUPPORTED_PLATFORMS = "iphoneos iphonesimulator";
				SUPPORTS_MACCATALYST = NO;
				SUPPORTS_MAC_DESIGNED_FOR_IPHONE_IPAD = NO;
				SUPPORTS_XR_DESIGNED_FOR_IPHONE_IPAD = NO;
				SWIFT_EMIT_LOC_STRINGS = YES;
				SWIFT_VERSION = 5.0;
				TARGETED_DEVICE_FAMILY = 1;
			};
			name = Debug;
		};
		BCC523622C01B1E500DF080D /* Release */ = {
			isa = XCBuildConfiguration;
			buildSettings = {
				ASSETCATALOG_COMPILER_APPICON_NAME = AppIcon;
				ASSETCATALOG_COMPILER_GLOBAL_ACCENT_COLOR_NAME = AccentColor;
				CODE_SIGN_STYLE = Automatic;
				CURRENT_PROJECT_VERSION = 1;
				GENERATE_INFOPLIST_FILE = YES;
				INFOPLIST_FILE = TravelPractice/Info.plist;
				INFOPLIST_KEY_UIApplicationSupportsIndirectInputEvents = YES;
				INFOPLIST_KEY_UILaunchStoryboardName = LaunchScreen;
				INFOPLIST_KEY_UIMainStoryboardFile = Main;
				INFOPLIST_KEY_UISupportedInterfaceOrientations_iPad = "UIInterfaceOrientationPortrait UIInterfaceOrientationPortraitUpsideDown UIInterfaceOrientationLandscapeLeft UIInterfaceOrientationLandscapeRight";
				INFOPLIST_KEY_UISupportedInterfaceOrientations_iPhone = "UIInterfaceOrientationPortrait UIInterfaceOrientationLandscapeLeft UIInterfaceOrientationLandscapeRight";
				LD_RUNPATH_SEARCH_PATHS = (
					"$(inherited)",
					"@executable_path/Frameworks",
				);
				MARKETING_VERSION = 1.0;
				PRODUCT_BUNDLE_IDENTIFIER = tunastorm.TravelPractice;
				PRODUCT_NAME = "$(TARGET_NAME)";
				SUPPORTED_PLATFORMS = "iphoneos iphonesimulator";
				SUPPORTS_MACCATALYST = NO;
				SUPPORTS_MAC_DESIGNED_FOR_IPHONE_IPAD = NO;
				SUPPORTS_XR_DESIGNED_FOR_IPHONE_IPAD = NO;
				SWIFT_EMIT_LOC_STRINGS = YES;
				SWIFT_VERSION = 5.0;
				TARGETED_DEVICE_FAMILY = 1;
			};
			name = Release;
		};
/* End XCBuildConfiguration section */

/* Begin XCConfigurationList section */
		BCC523472C01B1E400DF080D /* Build configuration list for PBXProject "TravelPractice" */ = {
			isa = XCConfigurationList;
			buildConfigurations = (
				BCC5235E2C01B1E500DF080D /* Debug */,
				BCC5235F2C01B1E500DF080D /* Release */,
			);
			defaultConfigurationIsVisible = 0;
			defaultConfigurationName = Release;
		};
		BCC523602C01B1E500DF080D /* Build configuration list for PBXNativeTarget "TravlePractice" */ = {
			isa = XCConfigurationList;
			buildConfigurations = (
				BCC523612C01B1E500DF080D /* Debug */,
				BCC523622C01B1E500DF080D /* Release */,
			);
			defaultConfigurationIsVisible = 0;
			defaultConfigurationName = Release;
		};
/* End XCConfigurationList section */

/* Begin XCRemoteSwiftPackageReference section */
		BCC5236F2C01CCDD00DF080D /* XCRemoteSwiftPackageReference "Kingfisher" */ = {
			isa = XCRemoteSwiftPackageReference;
			repositoryURL = "https://github.com/onevcat/Kingfisher.git";
			requirement = {
				kind = upToNextMajorVersion;
				minimumVersion = 7.11.0;
			};
		};
/* End XCRemoteSwiftPackageReference section */

/* Begin XCSwiftPackageProductDependency section */
		BCC523702C01CCDD00DF080D /* Kingfisher */ = {
			isa = XCSwiftPackageProductDependency;
			package = BCC5236F2C01CCDD00DF080D /* XCRemoteSwiftPackageReference "Kingfisher" */;
			productName = Kingfisher;
		};
/* End XCSwiftPackageProductDependency section */
	};
	rootObject = BCC523442C01B1E400DF080D /* Project object */;
}
